
Microsoft Visual Studio Solution File, Format Version 12.00
# Visual Studio Version 17
VisualStudioVersion = 17.4.33205.214
MinimumVisualStudioVersion = 10.0.40219.1
Project("{2150E333-8FDC-42A3-9474-1A3956D46DE8}") = "src", "src", "{86C7E63D-B595-4EA5-8863-9EA554A9BBB5}"
EndProject
Project("{2150E333-8FDC-42A3-9474-1A3956D46DE8}") = "Çözüm Öğeleri", "Çözüm Öğeleri", "{D852E6CC-86C0-4D98-9720-93D90DB051EB}"
	ProjectSection(SolutionItems) = preProject
		ServiceUrls.txt = ServiceUrls.txt
	EndProjectSection
EndProject
Project("{2150E333-8FDC-42A3-9474-1A3956D46DE8}") = "ApiGateways", "ApiGateways", "{C5567BA1-37FB-439E-A973-80330DD3A0EA}"
EndProject
Project("{2150E333-8FDC-42A3-9474-1A3956D46DE8}") = "BuildingBlocks", "BuildingBlocks", "{11B6C04E-BC5D-4B26-9156-1471AF94390F}"
EndProject
Project("{2150E333-8FDC-42A3-9474-1A3956D46DE8}") = "Services", "Services", "{4ECB0AF8-B5CA-426B-8917-A7061734F653}"
EndProject
Project("{2150E333-8FDC-42A3-9474-1A3956D46DE8}") = "Clients", "Clients", "{AADE1179-B6CD-4FCE-A430-2D9F488D3D7D}"
EndProject
Project("{2150E333-8FDC-42A3-9474-1A3956D46DE8}") = "BlazorWebApp", "BlazorWebApp", "{0B459559-A208-457B-9CE2-F0A2EB05F017}"
EndProject
Project("{2150E333-8FDC-42A3-9474-1A3956D46DE8}") = "WebApiGateway", "WebApiGateway", "{CDBB99EB-3945-41E9-BDC7-A9F6D2163314}"
EndProject
Project("{FAE04EC0-301F-11D3-BF4B-00C04F79EFBC}") = "Web.ApiGateway", "src\ApiGateways\WebApiGateway\Web.ApiGateway\Web.ApiGateway.csproj", "{0FBA666C-FF7C-41DB-8CBC-D1424A0F72DD}"
EndProject
Project("{2150E333-8FDC-42A3-9474-1A3956D46DE8}") = "EventBus", "EventBus", "{AE7841B6-76B9-40F3-945B-C78D6362DF98}"
EndProject
Project("{FAE04EC0-301F-11D3-BF4B-00C04F79EFBC}") = "EventBus.Base", "src\BuildingBlocks\EventBus\EventBus.Base\EventBus.Base.csproj", "{56BC95E3-8D3B-408E-9E6F-601F28E2C182}"
EndProject
Project("{FAE04EC0-301F-11D3-BF4B-00C04F79EFBC}") = "EventBus.Factory", "src\BuildingBlocks\EventBus\EventBus.Factory\EventBus.Factory.csproj", "{2D5E9B86-19B2-4CAF-870F-4130C356CB6E}"
EndProject
Project("{FAE04EC0-301F-11D3-BF4B-00C04F79EFBC}") = "EventBus.AzureServiceBus", "src\BuildingBlocks\EventBus\EventBus.AzureServiceBus\EventBus.AzureServiceBus.csproj", "{3A2F190B-5153-442F-BE71-DB84DB6BD30A}"
EndProject
Project("{FAE04EC0-301F-11D3-BF4B-00C04F79EFBC}") = "EventBus.RabbitMQ", "src\BuildingBlocks\EventBus\EventBus.RabbitMQ\EventBus.RabbitMQ.csproj", "{470CC984-E0C5-49C2-ABC6-D8ADBD4148B5}"
EndProject
Project("{FAE04EC0-301F-11D3-BF4B-00C04F79EFBC}") = "WebApp", "src\Clients\BlazorWebApp\WebApp\WebApp.csproj", "{6F86C667-FE2E-4D4B-B0DF-B733FBA3A75D}"
EndProject
Project("{2150E333-8FDC-42A3-9474-1A3956D46DE8}") = "BasketService", "BasketService", "{B2E09D8C-66DB-4900-9BFD-B8B273FCDC57}"
EndProject
Project("{FAE04EC0-301F-11D3-BF4B-00C04F79EFBC}") = "BasketService.Api", "src\Services\BasketService\BasketService.Api\BasketService.Api.csproj", "{4F87FBB5-28D8-4A37-8E50-2176B6A92DEE}"
EndProject
Project("{2150E333-8FDC-42A3-9474-1A3956D46DE8}") = "CatalogService", "CatalogService", "{440E553A-310C-407E-AF8D-877D5D34018E}"
EndProject
Project("{FAE04EC0-301F-11D3-BF4B-00C04F79EFBC}") = "CatalogService.Api", "src\Services\CatalogService\CatalogService.Api\CatalogService.Api.csproj", "{F4F6FBAB-2D53-4D77-AE12-611DB53CACDA}"
EndProject
Project("{2150E333-8FDC-42A3-9474-1A3956D46DE8}") = "IdentityService", "IdentityService", "{4884AD01-C915-414D-81AD-3C1383AD3122}"
EndProject
Project("{FAE04EC0-301F-11D3-BF4B-00C04F79EFBC}") = "IdentityService.Api", "src\Services\IdentityService\IdentityService.Api\IdentityService.Api.csproj", "{336D5B1F-F5BD-4415-B7D2-3613A545DFAA}"
EndProject
Project("{2150E333-8FDC-42A3-9474-1A3956D46DE8}") = "NotificationService", "NotificationService", "{77F29FA5-3782-45FF-B09D-AF4C3C455A03}"
EndProject
Project("{FAE04EC0-301F-11D3-BF4B-00C04F79EFBC}") = "NotificationService", "src\Services\NotificationService\NotificationService\NotificationService.csproj", "{25BC281B-90A7-4181-AC3E-76FC1F2C42C3}"
EndProject
Project("{2150E333-8FDC-42A3-9474-1A3956D46DE8}") = "OrderService", "OrderService", "{B3BEA10F-6C7C-4C89-A631-08493E72A963}"
EndProject
Project("{FAE04EC0-301F-11D3-BF4B-00C04F79EFBC}") = "OrderService.Domain", "src\Services\OrderService\OrderService.Domain\OrderService.Domain.csproj", "{A0FC93A7-1AD4-46FE-8D12-CE60CB3FF849}"
EndProject
Project("{FAE04EC0-301F-11D3-BF4B-00C04F79EFBC}") = "OrderService.Application", "src\Services\OrderService\OrderService.Application\OrderService.Application.csproj", "{BD007ED3-D393-4A32-8DE9-0FA4385C71AA}"
EndProject
Project("{FAE04EC0-301F-11D3-BF4B-00C04F79EFBC}") = "OrderService.Infrastructure", "src\Services\OrderService\OrderService.Infrastructure\OrderService.Infrastructure.csproj", "{DD7B359A-E1E1-4D01-AB9C-2151CEDF5707}"
EndProject
Project("{FAE04EC0-301F-11D3-BF4B-00C04F79EFBC}") = "OrderService.Api", "src\Services\OrderService\OrderService.Api\OrderService.Api.csproj", "{1F9F9047-2BE5-4C5C-89F4-A930F3A563CD}"
EndProject
Project("{2150E333-8FDC-42A3-9474-1A3956D46DE8}") = "PaymentService", "PaymentService", "{135292B3-E07A-41ED-B3E0-CE1879FC9A7D}"
EndProject
Project("{FAE04EC0-301F-11D3-BF4B-00C04F79EFBC}") = "PaymentService.Api", "src\Services\PaymentService\PaymentService.Api\PaymentService.Api.csproj", "{28432022-14F5-4A38-8036-2DC0967BA800}"
EndProject
Global
	GlobalSection(SolutionConfigurationPlatforms) = preSolution
		Debug|Any CPU = Debug|Any CPU
		Release|Any CPU = Release|Any CPU
	EndGlobalSection
	GlobalSection(ProjectConfigurationPlatforms) = postSolution
		{0FBA666C-FF7C-41DB-8CBC-D1424A0F72DD}.Debug|Any CPU.ActiveCfg = Debug|Any CPU
		{0FBA666C-FF7C-41DB-8CBC-D1424A0F72DD}.Debug|Any CPU.Build.0 = Debug|Any CPU
		{0FBA666C-FF7C-41DB-8CBC-D1424A0F72DD}.Release|Any CPU.ActiveCfg = Release|Any CPU
		{0FBA666C-FF7C-41DB-8CBC-D1424A0F72DD}.Release|Any CPU.Build.0 = Release|Any CPU
		{56BC95E3-8D3B-408E-9E6F-601F28E2C182}.Debug|Any CPU.ActiveCfg = Debug|Any CPU
		{56BC95E3-8D3B-408E-9E6F-601F28E2C182}.Debug|Any CPU.Build.0 = Debug|Any CPU
		{56BC95E3-8D3B-408E-9E6F-601F28E2C182}.Release|Any CPU.ActiveCfg = Release|Any CPU
		{56BC95E3-8D3B-408E-9E6F-601F28E2C182}.Release|Any CPU.Build.0 = Release|Any CPU
		{2D5E9B86-19B2-4CAF-870F-4130C356CB6E}.Debug|Any CPU.ActiveCfg = Debug|Any CPU
		{2D5E9B86-19B2-4CAF-870F-4130C356CB6E}.Debug|Any CPU.Build.0 = Debug|Any CPU
		{2D5E9B86-19B2-4CAF-870F-4130C356CB6E}.Release|Any CPU.ActiveCfg = Release|Any CPU
		{2D5E9B86-19B2-4CAF-870F-4130C356CB6E}.Release|Any CPU.Build.0 = Release|Any CPU
		{3A2F190B-5153-442F-BE71-DB84DB6BD30A}.Debug|Any CPU.ActiveCfg = Debug|Any CPU
		{3A2F190B-5153-442F-BE71-DB84DB6BD30A}.Debug|Any CPU.Build.0 = Debug|Any CPU
		{3A2F190B-5153-442F-BE71-DB84DB6BD30A}.Release|Any CPU.ActiveCfg = Release|Any CPU
		{3A2F190B-5153-442F-BE71-DB84DB6BD30A}.Release|Any CPU.Build.0 = Release|Any CPU
		{470CC984-E0C5-49C2-ABC6-D8ADBD4148B5}.Debug|Any CPU.ActiveCfg = Debug|Any CPU
		{470CC984-E0C5-49C2-ABC6-D8ADBD4148B5}.Debug|Any CPU.Build.0 = Debug|Any CPU
		{470CC984-E0C5-49C2-ABC6-D8ADBD4148B5}.Release|Any CPU.ActiveCfg = Release|Any CPU
		{470CC984-E0C5-49C2-ABC6-D8ADBD4148B5}.Release|Any CPU.Build.0 = Release|Any CPU
		{6F86C667-FE2E-4D4B-B0DF-B733FBA3A75D}.Debug|Any CPU.ActiveCfg = Debug|Any CPU
		{6F86C667-FE2E-4D4B-B0DF-B733FBA3A75D}.Debug|Any CPU.Build.0 = Debug|Any CPU
		{6F86C667-FE2E-4D4B-B0DF-B733FBA3A75D}.Release|Any CPU.ActiveCfg = Release|Any CPU
		{6F86C667-FE2E-4D4B-B0DF-B733FBA3A75D}.Release|Any CPU.Build.0 = Release|Any CPU
		{4F87FBB5-28D8-4A37-8E50-2176B6A92DEE}.Debug|Any CPU.ActiveCfg = Debug|Any CPU
		{4F87FBB5-28D8-4A37-8E50-2176B6A92DEE}.Debug|Any CPU.Build.0 = Debug|Any CPU
		{4F87FBB5-28D8-4A37-8E50-2176B6A92DEE}.Release|Any CPU.ActiveCfg = Release|Any CPU
		{4F87FBB5-28D8-4A37-8E50-2176B6A92DEE}.Release|Any CPU.Build.0 = Release|Any CPU
		{F4F6FBAB-2D53-4D77-AE12-611DB53CACDA}.Debug|Any CPU.ActiveCfg = Debug|Any CPU
		{F4F6FBAB-2D53-4D77-AE12-611DB53CACDA}.Debug|Any CPU.Build.0 = Debug|Any CPU
		{F4F6FBAB-2D53-4D77-AE12-611DB53CACDA}.Release|Any CPU.ActiveCfg = Release|Any CPU
		{F4F6FBAB-2D53-4D77-AE12-611DB53CACDA}.Release|Any CPU.Build.0 = Release|Any CPU
		{336D5B1F-F5BD-4415-B7D2-3613A545DFAA}.Debug|Any CPU.ActiveCfg = Debug|Any CPU
		{336D5B1F-F5BD-4415-B7D2-3613A545DFAA}.Debug|Any CPU.Build.0 = Debug|Any CPU
		{336D5B1F-F5BD-4415-B7D2-3613A545DFAA}.Release|Any CPU.ActiveCfg = Release|Any CPU
		{336D5B1F-F5BD-4415-B7D2-3613A545DFAA}.Release|Any CPU.Build.0 = Release|Any CPU
		{25BC281B-90A7-4181-AC3E-76FC1F2C42C3}.Debug|Any CPU.ActiveCfg = Debug|Any CPU
		{25BC281B-90A7-4181-AC3E-76FC1F2C42C3}.Debug|Any CPU.Build.0 = Debug|Any CPU
		{25BC281B-90A7-4181-AC3E-76FC1F2C42C3}.Release|Any CPU.ActiveCfg = Release|Any CPU
		{25BC281B-90A7-4181-AC3E-76FC1F2C42C3}.Release|Any CPU.Build.0 = Release|Any CPU
		{A0FC93A7-1AD4-46FE-8D12-CE60CB3FF849}.Debug|Any CPU.ActiveCfg = Debug|Any CPU
		{A0FC93A7-1AD4-46FE-8D12-CE60CB3FF849}.Debug|Any CPU.Build.0 = Debug|Any CPU
		{A0FC93A7-1AD4-46FE-8D12-CE60CB3FF849}.Release|Any CPU.ActiveCfg = Release|Any CPU
		{A0FC93A7-1AD4-46FE-8D12-CE60CB3FF849}.Release|Any CPU.Build.0 = Release|Any CPU
		{BD007ED3-D393-4A32-8DE9-0FA4385C71AA}.Debug|Any CPU.ActiveCfg = Debug|Any CPU
		{BD007ED3-D393-4A32-8DE9-0FA4385C71AA}.Debug|Any CPU.Build.0 = Debug|Any CPU
		{BD007ED3-D393-4A32-8DE9-0FA4385C71AA}.Release|Any CPU.ActiveCfg = Release|Any CPU
		{BD007ED3-D393-4A32-8DE9-0FA4385C71AA}.Release|Any CPU.Build.0 = Release|Any CPU
		{DD7B359A-E1E1-4D01-AB9C-2151CEDF5707}.Debug|Any CPU.ActiveCfg = Debug|Any CPU
		{DD7B359A-E1E1-4D01-AB9C-2151CEDF5707}.Debug|Any CPU.Build.0 = Debug|Any CPU
		{DD7B359A-E1E1-4D01-AB9C-2151CEDF5707}.Release|Any CPU.ActiveCfg = Release|Any CPU
		{DD7B359A-E1E1-4D01-AB9C-2151CEDF5707}.Release|Any CPU.Build.0 = Release|Any CPU
		{1F9F9047-2BE5-4C5C-89F4-A930F3A563CD}.Debug|Any CPU.ActiveCfg = Debug|Any CPU
		{1F9F9047-2BE5-4C5C-89F4-A930F3A563CD}.Debug|Any CPU.Build.0 = Debug|Any CPU
		{1F9F9047-2BE5-4C5C-89F4-A930F3A563CD}.Release|Any CPU.ActiveCfg = Release|Any CPU
		{1F9F9047-2BE5-4C5C-89F4-A930F3A563CD}.Release|Any CPU.Build.0 = Release|Any CPU
		{28432022-14F5-4A38-8036-2DC0967BA800}.Debug|Any CPU.ActiveCfg = Debug|Any CPU
		{28432022-14F5-4A38-8036-2DC0967BA800}.Debug|Any CPU.Build.0 = Debug|Any CPU
		{28432022-14F5-4A38-8036-2DC0967BA800}.Release|Any CPU.ActiveCfg = Release|Any CPU
		{28432022-14F5-4A38-8036-2DC0967BA800}.Release|Any CPU.Build.0 = Release|Any CPU
	EndGlobalSection
	GlobalSection(SolutionProperties) = preSolution
		HideSolutionNode = FALSE
	EndGlobalSection
	GlobalSection(NestedProjects) = preSolution
		{C5567BA1-37FB-439E-A973-80330DD3A0EA} = {86C7E63D-B595-4EA5-8863-9EA554A9BBB5}
		{11B6C04E-BC5D-4B26-9156-1471AF94390F} = {86C7E63D-B595-4EA5-8863-9EA554A9BBB5}
		{4ECB0AF8-B5CA-426B-8917-A7061734F653} = {86C7E63D-B595-4EA5-8863-9EA554A9BBB5}
		{AADE1179-B6CD-4FCE-A430-2D9F488D3D7D} = {86C7E63D-B595-4EA5-8863-9EA554A9BBB5}
		{0B459559-A208-457B-9CE2-F0A2EB05F017} = {AADE1179-B6CD-4FCE-A430-2D9F488D3D7D}
		{CDBB99EB-3945-41E9-BDC7-A9F6D2163314} = {C5567BA1-37FB-439E-A973-80330DD3A0EA}
		{0FBA666C-FF7C-41DB-8CBC-D1424A0F72DD} = {CDBB99EB-3945-41E9-BDC7-A9F6D2163314}
		{AE7841B6-76B9-40F3-945B-C78D6362DF98} = {11B6C04E-BC5D-4B26-9156-1471AF94390F}
		{56BC95E3-8D3B-408E-9E6F-601F28E2C182} = {AE7841B6-76B9-40F3-945B-C78D6362DF98}
		{2D5E9B86-19B2-4CAF-870F-4130C356CB6E} = {AE7841B6-76B9-40F3-945B-C78D6362DF98}
		{3A2F190B-5153-442F-BE71-DB84DB6BD30A} = {AE7841B6-76B9-40F3-945B-C78D6362DF98}
		{470CC984-E0C5-49C2-ABC6-D8ADBD4148B5} = {AE7841B6-76B9-40F3-945B-C78D6362DF98}
		{6F86C667-FE2E-4D4B-B0DF-B733FBA3A75D} = {0B459559-A208-457B-9CE2-F0A2EB05F017}
		{B2E09D8C-66DB-4900-9BFD-B8B273FCDC57} = {4ECB0AF8-B5CA-426B-8917-A7061734F653}
		{4F87FBB5-28D8-4A37-8E50-2176B6A92DEE} = {B2E09D8C-66DB-4900-9BFD-B8B273FCDC57}
		{440E553A-310C-407E-AF8D-877D5D34018E} = {4ECB0AF8-B5CA-426B-8917-A7061734F653}
		{F4F6FBAB-2D53-4D77-AE12-611DB53CACDA} = {440E553A-310C-407E-AF8D-877D5D34018E}
		{4884AD01-C915-414D-81AD-3C1383AD3122} = {4ECB0AF8-B5CA-426B-8917-A7061734F653}
		{336D5B1F-F5BD-4415-B7D2-3613A545DFAA} = {4884AD01-C915-414D-81AD-3C1383AD3122}
		{77F29FA5-3782-45FF-B09D-AF4C3C455A03} = {4ECB0AF8-B5CA-426B-8917-A7061734F653}
		{25BC281B-90A7-4181-AC3E-76FC1F2C42C3} = {77F29FA5-3782-45FF-B09D-AF4C3C455A03}
		{B3BEA10F-6C7C-4C89-A631-08493E72A963} = {4ECB0AF8-B5CA-426B-8917-A7061734F653}
		{A0FC93A7-1AD4-46FE-8D12-CE60CB3FF849} = {B3BEA10F-6C7C-4C89-A631-08493E72A963}
		{BD007ED3-D393-4A32-8DE9-0FA4385C71AA} = {B3BEA10F-6C7C-4C89-A631-08493E72A963}
		{DD7B359A-E1E1-4D01-AB9C-2151CEDF5707} = {B3BEA10F-6C7C-4C89-A631-08493E72A963}
		{1F9F9047-2BE5-4C5C-89F4-A930F3A563CD} = {B3BEA10F-6C7C-4C89-A631-08493E72A963}
		{135292B3-E07A-41ED-B3E0-CE1879FC9A7D} = {4ECB0AF8-B5CA-426B-8917-A7061734F653}
		{28432022-14F5-4A38-8036-2DC0967BA800} = {135292B3-E07A-41ED-B3E0-CE1879FC9A7D}
	EndGlobalSection
	GlobalSection(ExtensibilityGlobals) = postSolution
		SolutionGuid = {6E4F9CED-409E-4127-81C6-9094F9EF4087}
	EndGlobalSection
EndGlobal
